
Microsoft Visual Studio Solution File, Format Version 12.00
# Visual Studio Version 17
VisualStudioVersion = 17.8.34330.188
MinimumVisualStudioVersion = 10.0.40219.1
Project("{C9674DCB-5085-4A16-B785-4C70DD1589BD}") = "My Project 2024", "My Project 2024.dtproj", "{8F76313A-52BF-4C2D-A3A2-C3846E3178B4}"
EndProject
Global
	GlobalSection(SolutionConfigurationPlatforms) = preSolution
		Development|Default = Development|Default
	EndGlobalSection
	GlobalSection(ProjectConfigurationPlatforms) = postSolution
		{8F76313A-52BF-4C2D-A3A2-C3846E3178B4}.Development|Default.ActiveCfg = Development
		{8F76313A-52BF-4C2D-A3A2-C3846E3178B4}.Development|Default.Build.0 = Development
	EndGlobalSection
	GlobalSection(SolutionProperties) = preSolution
		HideSolutionNode = FALSE
	EndGlobalSection
	GlobalSection(ExtensibilityGlobals) = postSolution
		SolutionGuid = {3A57523B-C8E9-4895-B7B9-38DE13C6F27B}
	EndGlobalSection
EndGlobal
