
Microsoft Visual Studio Solution File, Format Version 12.00
# Visual Studio Version 17
VisualStudioVersion = 17.8.34330.188
MinimumVisualStudioVersion = 10.0.40219.1
Project("{D2ABAB84-BF74-430A-B69E-9DC6D40DDA17}") = "My Project 2024 SSAS", "My Project 2024 SSAS.dwproj", "{01B015F4-3830-4A90-9F1F-2260FB22BEA4}"
EndProject
Global
	GlobalSection(SolutionConfigurationPlatforms) = preSolution
		Development|Default = Development|Default
	EndGlobalSection
	GlobalSection(ProjectConfigurationPlatforms) = postSolution
		{01B015F4-3830-4A90-9F1F-2260FB22BEA4}.Development|Default.ActiveCfg = Development
		{01B015F4-3830-4A90-9F1F-2260FB22BEA4}.Development|Default.Build.0 = Development
		{01B015F4-3830-4A90-9F1F-2260FB22BEA4}.Development|Default.Deploy.0 = Development
	EndGlobalSection
	GlobalSection(SolutionProperties) = preSolution
		HideSolutionNode = FALSE
	EndGlobalSection
	GlobalSection(ExtensibilityGlobals) = postSolution
		SolutionGuid = {79A76937-5762-4B3E-BD54-F2D106E9B525}
	EndGlobalSection
EndGlobal
